// !$*UTF8*$!
{
	archiveVersion = 1;
	classes = {
	};
	objectVersion = 77;
	objects = {

/* Begin PBXBuildFile section */
		7E93409A2F07516C001932D1 /* ComposableArchitecture in Frameworks */ = {isa = PBXBuildFile; productRef = 7E9340992F07516C001932D1 /* ComposableArchitecture */; };
/* End PBXBuildFile section */

/* Begin PBXContainerItemProxy section */
		7E93407C2F0750B2001932D1 /* PBXContainerItemProxy */ = {
			isa = PBXContainerItemProxy;
			containerPortal = 7E9340662F0750B0001932D1 /* Project object */;
			proxyType = 1;
			remoteGlobalIDString = 7E93406D2F0750B0001932D1;
			remoteInfo = TCACounter;
		};
		7E9340862F0750B2001932D1 /* PBXContainerItemProxy */ = {
			isa = PBXContainerItemProxy;
			containerPortal = 7E9340662F0750B0001932D1 /* Project object */;
			proxyType = 1;
			remoteGlobalIDString = 7E93406D2F0750B0001932D1;
			remoteInfo = TCACounter;
		};
/* End PBXContainerItemProxy section */

/* Begin PBXFileReference section */
		7E93406E2F0750B0001932D1 /* TCACounter.app */ = {isa = PBXFileReference; explicitFileType = wrapper.application; includeInIndex = 0; path = TCACounter.app; sourceTree = BUILT_PRODUCTS_DIR; };
		7E93407B2F0750B2001932D1 /* TCACounterTests.xctest */ = {isa = PBXFileReference; explicitFileType = wrapper.cfbundle; includeInIndex = 0; path = TCACounterTests.xctest; sourceTree = BUILT_PRODUCTS_DIR; };
		7E9340852F0750B2001932D1 /* TCACounterUITests.xctest */ = {isa = PBXFileReference; explicitFileType = wrapper.cfbundle; includeInIndex = 0; path = TCACounterUITests.xctest; sourceTree = BUILT_PRODUCTS_DIR; };
/* End PBXFileReference section */

/* Begin PBXFileSystemSynchronizedBuildFileExceptionSet section */
		7E93409E2F076790001932D1 /* Exceptions for "TCACounter" folder in "TCACounter" target */ = {
			isa = PBXFileSystemSynchronizedBuildFileExceptionSet;
			membershipExceptions = (
				Info.plist,
			);
			target = 7E93406D2F0750B0001932D1 /* TCACounter */;
		};
/* End PBXFileSystemSynchronizedBuildFileExceptionSet section */

/* Begin PBXFileSystemSynchronizedRootGroup section */
		7E9340702F0750B0001932D1 /* TCACounter */ = {
			isa = PBXFileSystemSynchronizedRootGroup;
			exceptions = (
				7E93409E2F076790001932D1 /* Exceptions for "TCACounter" folder in "TCACounter" target */,
			);
			path = TCACounter;
			sourceTree = "<group>";
		};
		7E93407E2F0750B2001932D1 /* TCACounterTests */ = {
			isa = PBXFileSystemSynchronizedRootGroup;
			path = TCACounterTests;
			sourceTree = "<group>";
		};
		7E9340882F0750B2001932D1 /* TCACounterUITests */ = {
			isa = PBXFileSystemSynchronizedRootGroup;
			path = TCACounterUITests;
			sourceTree = "<group>";
		};
/* End PBXFileSystemSynchronizedRootGroup section */

/* Begin PBXFrameworksBuildPhase section */
		7E93406B2F0750B0001932D1 /* Frameworks */ = {
			isa = PBXFrameworksBuildPhase;
			buildActionMask = 2147483647;
			files = (
				7E93409A2F07516C001932D1 /* ComposableArchitecture in Frameworks */,
			);
			runOnlyForDeploymentPostprocessing = 0;
		};
		7E9340782F0750B2001932D1 /* Frameworks */ = {
			isa = PBXFrameworksBuildPhase;
			buildActionMask = 2147483647;
			files = (
			);
			runOnlyForDeploymentPostprocessing = 0;
		};
		7E9340822F0750B2001932D1 /* Frameworks */ = {
			isa = PBXFrameworksBuildPhase;
			buildActionMask = 2147483647;
			files = (
			);
			runOnlyForDeploymentPostprocessing = 0;
		};
/* End PBXFrameworksBuildPhase section */

/* Begin PBXGroup section */
		7E9340652F0750B0001932D1 = {
			isa = PBXGroup;
			children = (
				7E9340702F0750B0001932D1 /* TCACounter */,
				7E93407E2F0750B2001932D1 /* TCACounterTests */,
				7E9340882F0750B2001932D1 /* TCACounterUITests */,
				7E93406F2F0750B0001932D1 /* Products */,
			);
			sourceTree = "<group>";
		};
		7E93406F2F0750B0001932D1 /* Products */ = {
			isa = PBXGroup;
			children = (
				7E93406E2F0750B0001932D1 /* TCACounter.app */,
				7E93407B2F0750B2001932D1 /* TCACounterTests.xctest */,
				7E9340852F0750B2001932D1 /* TCACounterUITests.xctest */,
			);
			name = Products;
			sourceTree = "<group>";
		};
/* End PBXGroup section */

/* Begin PBXNativeTarget section */
		7E93406D2F0750B0001932D1 /* TCACounter */ = {
			isa = PBXNativeTarget;
			buildConfigurationList = 7E93408F2F0750B2001932D1 /* Build configuration list for PBXNativeTarget "TCACounter" */;
			buildPhases = (
				7E93406A2F0750B0001932D1 /* Sources */,
				7E93406B2F0750B0001932D1 /* Frameworks */,
				7E93406C2F0750B0001932D1 /* Resources */,
			);
			buildRules = (
			);
			dependencies = (
			);
			fileSystemSynchronizedGroups = (
				7E9340702F0750B0001932D1 /* TCACounter */,
			);
			name = TCACounter;
			packageProductDependencies = (
				7E9340992F07516C001932D1 /* ComposableArchitecture */,
			);
			productName = TCACounter;
			productReference = 7E93406E2F0750B0001932D1 /* TCACounter.app */;
			productType = "com.apple.product-type.application";
		};
		7E93407A2F0750B2001932D1 /* TCACounterTests */ = {
			isa = PBXNativeTarget;
			buildConfigurationList = 7E9340922F0750B2001932D1 /* Build configuration list for PBXNativeTarget "TCACounterTests" */;
			buildPhases = (
				7E9340772F0750B2001932D1 /* Sources */,
				7E9340782F0750B2001932D1 /* Frameworks */,
				7E9340792F0750B2001932D1 /* Resources */,
			);
			buildRules = (
			);
			dependencies = (
				7E93407D2F0750B2001932D1 /* PBXTargetDependency */,
			);
			fileSystemSynchronizedGroups = (
				7E93407E2F0750B2001932D1 /* TCACounterTests */,
			);
			name = TCACounterTests;
			packageProductDependencies = (
			);
			productName = TCACounterTests;
			productReference = 7E93407B2F0750B2001932D1 /* TCACounterTests.xctest */;
			productType = "com.apple.product-type.bundle.unit-test";
		};
		7E9340842F0750B2001932D1 /* TCACounterUITests */ = {
			isa = PBXNativeTarget;
			buildConfigurationList = 7E9340952F0750B2001932D1 /* Build configuration list for PBXNativeTarget "TCACounterUITests" */;
			buildPhases = (
				7E9340812F0750B2001932D1 /* Sources */,
				7E9340822F0750B2001932D1 /* Frameworks */,
				7E9340832F0750B2001932D1 /* Resources */,
			);
			buildRules = (
			);
			dependencies = (
				7E9340872F0750B2001932D1 /* PBXTargetDependency */,
			);
			fileSystemSynchronizedGroups = (
				7E9340882F0750B2001932D1 /* TCACounterUITests */,
			);
			name = TCACounterUITests;
			packageProductDependencies = (
			);
			productName = TCACounterUITests;
			productReference = 7E9340852F0750B2001932D1 /* TCACounterUITests.xctest */;
			productType = "com.apple.product-type.bundle.ui-testing";
		};
/* End PBXNativeTarget section */

/* Begin PBXProject section */
		7E9340662F0750B0001932D1 /* Project object */ = {
			isa = PBXProject;
			attributes = {
				BuildIndependentTargetsInParallel = 1;
				LastSwiftUpdateCheck = 1640;
				LastUpgradeCheck = 1640;
				TargetAttributes = {
					7E93406D2F0750B0001932D1 = {
						CreatedOnToolsVersion = 16.4;
					};
					7E93407A2F0750B2001932D1 = {
						CreatedOnToolsVersion = 16.4;
						TestTargetID = 7E93406D2F0750B0001932D1;
					};
					7E9340842F0750B2001932D1 = {
						CreatedOnToolsVersion = 16.4;
						TestTargetID = 7E93406D2F0750B0001932D1;
					};
				};
			};
			buildConfigurationList = 7E9340692F0750B0001932D1 /* Build configuration list for PBXProject "TCACounter" */;
			developmentRegion = en;
			hasScannedForEncodings = 0;
			knownRegions = (
				en,
				Base,
			);
			mainGroup = 7E9340652F0750B0001932D1;
			minimizedProjectReferenceProxies = 1;
			packageReferences = (
				7E9340982F07516C001932D1 /* XCRemoteSwiftPackageReference "swift-composable-architecture" */,
			);
			preferredProjectObjectVersion = 77;
			productRefGroup = 7E93406F2F0750B0001932D1 /* Products */;
			projectDirPath = "";
			projectRoot = "";
			targets = (
				7E93406D2F0750B0001932D1 /* TCACounter */,
				7E93407A2F0750B2001932D1 /* TCACounterTests */,
				7E9340842F0750B2001932D1 /* TCACounterUITests */,
			);
		};
/* End PBXProject section */

/* Begin PBXResourcesBuildPhase section */
		7E93406C2F0750B0001932D1 /* Resources */ = {
			isa = PBXResourcesBuildPhase;
			buildActionMask = 2147483647;
			files = (
			);
			runOnlyForDeploymentPostprocessing = 0;
		};
		7E9340792F0750B2001932D1 /* Resources */ = {
			isa = PBXResourcesBuildPhase;
			buildActionMask = 2147483647;
			files = (
			);
			runOnlyForDeploymentPostprocessing = 0;
		};
		7E9340832F0750B2001932D1 /* Resources */ = {
			isa = PBXResourcesBuildPhase;
			buildActionMask = 2147483647;
			files = (
			);
			runOnlyForDeploymentPostprocessing = 0;
		};
/* End PBXResourcesBuildPhase section */

/* Begin PBXSourcesBuildPhase section */
		7E93406A2F0750B0001932D1 /* Sources */ = {
			isa = PBXSourcesBuildPhase;
			buildActionMask = 2147483647;
			files = (
			);
			runOnlyForDeploymentPostprocessing = 0;
		};
		7E9340772F0750B2001932D1 /* Sources */ = {
			isa = PBXSourcesBuildPhase;
			buildActionMask = 2147483647;
			files = (
			);
			runOnlyForDeploymentPostprocessing = 0;
		};
		7E9340812F0750B2001932D1 /* Sources */ = {
			isa = PBXSourcesBuildPhase;
			buildActionMask = 2147483647;
			files = (
			);
			runOnlyForDeploymentPostprocessing = 0;
		};
/* End PBXSourcesBuildPhase section */

/* Begin PBXTargetDependency section */
		7E93407D2F0750B2001932D1 /* PBXTargetDependency */ = {
			isa = PBXTargetDependency;
			target = 7E93406D2F0750B0001932D1 /* TCACounter */;
			targetProxy = 7E93407C2F0750B2001932D1 /* PBXContainerItemProxy */;
		};
		7E9340872F0750B2001932D1 /* PBXTargetDependency */ = {
			isa = PBXTargetDependency;
			target = 7E93406D2F0750B0001932D1 /* TCACounter */;
			targetProxy = 7E9340862F0750B2001932D1 /* PBXContainerItemProxy */;
		};
/* End PBXTargetDependency section */

/* Begin XCBuildConfiguration section */
		7E93408D2F0750B2001932D1 /* Debug */ = {
			isa = XCBuildConfiguration;
			buildSettings = {
				ALWAYS_SEARCH_USER_PATHS = NO;
				ASSETCATALOG_COMPILER_GENERATE_SWIFT_ASSET_SYMBOL_EXTENSIONS = YES;
				CLANG_ANALYZER_NONNULL = YES;
				CLANG_ANALYZER_NUMBER_OBJECT_CONVERSION = YES_AGGRESSIVE;
				CLANG_CXX_LANGUAGE_STANDARD = "gnu++20";
				CLANG_ENABLE_MODULES = YES;
				CLANG_ENABLE_OBJC_ARC = YES;
				CLANG_ENABLE_OBJC_WEAK = YES;
				CLANG_WARN_BLOCK_CAPTURE_AUTORELEASING = YES;
				CLANG_WARN_BOOL_CONVERSION = YES;
				CLANG_WARN_COMMA = YES;
				CLANG_WARN_CONSTANT_CONVERSION = YES;
				CLANG_WARN_DEPRECATED_OBJC_IMPLEMENTATIONS = YES;
				CLANG_WARN_DIRECT_OBJC_ISA_USAGE = YES_ERROR;
				CLANG_WARN_DOCUMENTATION_COMMENTS = YES;
				CLANG_WARN_EMPTY_BODY = YES;
				CLANG_WARN_ENUM_CONVERSION = YES;
				CLANG_WARN_INFINITE_RECURSION = YES;
				CLANG_WARN_INT_CONVERSION = YES;
				CLANG_WARN_NON_LITERAL_NULL_CONVERSION = YES;
				CLANG_WARN_OBJC_IMPLICIT_RETAIN_SELF = YES;
				CLANG_WARN_OBJC_LITERAL_CONVERSION = YES;
				CLANG_WARN_OBJC_ROOT_CLASS = YES_ERROR;
				CLANG_WARN_QUOTED_INCLUDE_IN_FRAMEWORK_HEADER = YES;
				CLANG_WARN_RANGE_LOOP_ANALYSIS = YES;
				CLANG_WARN_STRICT_PROTOTYPES = YES;
				CLANG_WARN_SUSPICIOUS_MOVE = YES;
				CLANG_WARN_UNGUARDED_AVAILABILITY = YES_AGGRESSIVE;
				CLANG_WARN_UNREACHABLE_CODE = YES;
				CLANG_WARN__DUPLICATE_METHOD_MATCH = YES;
				COPY_PHASE_STRIP = NO;
				DEBUG_INFORMATION_FORMAT = dwarf;
				DEVELOPMENT_TEAM = YHXLU6AL9F;
				ENABLE_STRICT_OBJC_MSGSEND = YES;
				ENABLE_TESTABILITY = YES;
				ENABLE_USER_SCRIPT_SANDBOXING = YES;
				GCC_C_LANGUAGE_STANDARD = gnu17;
				GCC_DYNAMIC_NO_PIC = NO;
				GCC_NO_COMMON_BLOCKS = YES;
				GCC_OPTIMIZATION_LEVEL = 0;
				GCC_PREPROCESSOR_DEFINITIONS = (
					"DEBUG=1",
					"$(inherited)",
				);
				GCC_WARN_64_TO_32_BIT_CONVERSION = YES;
				GCC_WARN_ABOUT_RETURN_TYPE = YES_ERROR;
				GCC_WARN_UNDECLARED_SELECTOR = YES;
				GCC_WARN_UNINITIALIZED_AUTOS = YES_AGGRESSIVE;
				GCC_WARN_UNUSED_FUNCTION = YES;
				GCC_WARN_UNUSED_VARIABLE = YES;
				IPHONEOS_DEPLOYMENT_TARGET = 18.5;
				LOCALIZATION_PREFERS_STRING_CATALOGS = YES;
				MTL_ENABLE_DEBUG_INFO = INCLUDE_SOURCE;
				MTL_FAST_MATH = YES;
				ONLY_ACTIVE_ARCH = YES;
				SDKROOT = iphoneos;
				SWIFT_ACTIVE_COMPILATION_CONDITIONS = "DEBUG $(inherited)";
				SWIFT_OPTIMIZATION_LEVEL = "-Onone";
			};
			name = Debug;
		};
		7E93408E2F0750B2001932D1 /* Release */ = {
			isa = XCBuildConfiguration;
			buildSettings = {
				ALWAYS_SEARCH_USER_PATHS = NO;
				ASSETCATALOG_COMPILER_GENERATE_SWIFT_ASSET_SYMBOL_EXTENSIONS = YES;
				CLANG_ANALYZER_NONNULL = YES;
				CLANG_ANALYZER_NUMBER_OBJECT_CONVERSION = YES_AGGRESSIVE;
				CLANG_CXX_LANGUAGE_STANDARD = "gnu++20";
				CLANG_ENABLE_MODULES = YES;
				CLANG_ENABLE_OBJC_ARC = YES;
				CLANG_ENABLE_OBJC_WEAK = YES;
				CLANG_WARN_BLOCK_CAPTURE_AUTORELEASING = YES;
				CLANG_WARN_BOOL_CONVERSION = YES;
				CLANG_WARN_COMMA = YES;
				CLANG_WARN_CONSTANT_CONVERSION = YES;
				CLANG_WARN_DEPRECATED_OBJC_IMPLEMENTATIONS = YES;
				CLANG_WARN_DIRECT_OBJC_ISA_USAGE = YES_ERROR;
				CLANG_WARN_DOCUMENTATION_COMMENTS = YES;
				CLANG_WARN_EMPTY_BODY = YES;
				CLANG_WARN_ENUM_CONVERSION = YES;
				CLANG_WARN_INFINITE_RECURSION = YES;
				CLANG_WARN_INT_CONVERSION = YES;
				CLANG_WARN_NON_LITERAL_NULL_CONVERSION = YES;
				CLANG_WARN_OBJC_IMPLICIT_RETAIN_SELF = YES;
				CLANG_WARN_OBJC_LITERAL_CONVERSION = YES;
				CLANG_WARN_OBJC_ROOT_CLASS = YES_ERROR;
				CLANG_WARN_QUOTED_INCLUDE_IN_FRAMEWORK_HEADER = YES;
				CLANG_WARN_RANGE_LOOP_ANALYSIS = YES;
				CLANG_WARN_STRICT_PROTOTYPES = YES;
				CLANG_WARN_SUSPICIOUS_MOVE = YES;
				CLANG_WARN_UNGUARDED_AVAILABILITY = YES_AGGRESSIVE;
				CLANG_WARN_UNREACHABLE_CODE = YES;
				CLANG_WARN__DUPLICATE_METHOD_MATCH = YES;
				COPY_PHASE_STRIP = NO;
				DEBUG_INFORMATION_FORMAT = "dwarf-with-dsym";
				DEVELOPMENT_TEAM = YHXLU6AL9F;
				ENABLE_NS_ASSERTIONS = NO;
				ENABLE_STRICT_OBJC_MSGSEND = YES;
				ENABLE_USER_SCRIPT_SANDBOXING = YES;
				GCC_C_LANGUAGE_STANDARD = gnu17;
				GCC_NO_COMMON_BLOCKS = YES;
				GCC_WARN_64_TO_32_BIT_CONVERSION = YES;
				GCC_WARN_ABOUT_RETURN_TYPE = YES_ERROR;
				GCC_WARN_UNDECLARED_SELECTOR = YES;
				GCC_WARN_UNINITIALIZED_AUTOS = YES_AGGRESSIVE;
				GCC_WARN_UNUSED_FUNCTION = YES;
				GCC_WARN_UNUSED_VARIABLE = YES;
				IPHONEOS_DEPLOYMENT_TARGET = 18.5;
				LOCALIZATION_PREFERS_STRING_CATALOGS = YES;
				MTL_ENABLE_DEBUG_INFO = NO;
				MTL_FAST_MATH = YES;
				SDKROOT = iphoneos;
				SWIFT_COMPILATION_MODE = wholemodule;
				VALIDATE_PRODUCT = YES;
			};
			name = Release;
		};
		7E9340902F0750B2001932D1 /* Debug */ = {
			isa = XCBuildConfiguration;
			buildSettings = {
				ASSETCATALOG_COMPILER_APPICON_NAME = AppIcon;
				ASSETCATALOG_COMPILER_GLOBAL_ACCENT_COLOR_NAME = AccentColor;
				CODE_SIGN_STYLE = Automatic;
				CURRENT_PROJECT_VERSION = 1;
				DEVELOPMENT_TEAM = YHXLU6AL9F;
				ENABLE_PREVIEWS = YES;
				GENERATE_INFOPLIST_FILE = YES;
				INFOPLIST_FILE = TCACounter/Info.plist;
				INFOPLIST_KEY_CFBundleDisplayName = "PokéDeck";
				INFOPLIST_KEY_UIApplicationSceneManifest_Generation = YES;
				INFOPLIST_KEY_UIApplicationSupportsIndirectInputEvents = YES;
				INFOPLIST_KEY_UILaunchScreen_Generation = YES;
				INFOPLIST_KEY_UISupportedInterfaceOrientations_iPad = "UIInterfaceOrientationPortrait UIInterfaceOrientationPortraitUpsideDown UIInterfaceOrientationLandscapeLeft UIInterfaceOrientationLandscapeRight";
				INFOPLIST_KEY_UISupportedInterfaceOrientations_iPhone = "UIInterfaceOrientationPortrait UIInterfaceOrientationLandscapeLeft UIInterfaceOrientationLandscapeRight";
				LD_RUNPATH_SEARCH_PATHS = (
					"$(inherited)",
					"@executable_path/Frameworks",
				);
				MARKETING_VERSION = 1.0;
				PRODUCT_BUNDLE_IDENTIFIER = com.JunD.pokedeck;
				PRODUCT_NAME = "$(TARGET_NAME)";
				SWIFT_EMIT_LOC_STRINGS = YES;
				SWIFT_VERSION = 5.0;
				TARGETED_DEVICE_FAMILY = "1,2";
			};
			name = Debug;
		};
		7E9340912F0750B2001932D1 /* Release */ = {
			isa = XCBuildConfiguration;
			buildSettings = {
				ASSETCATALOG_COMPILER_APPICON_NAME = AppIcon;
				ASSETCATALOG_COMPILER_GLOBAL_ACCENT_COLOR_NAME = AccentColor;
				CODE_SIGN_STYLE = Automatic;
				CURRENT_PROJECT_VERSION = 1;
				DEVELOPMENT_TEAM = YHXLU6AL9F;
				ENABLE_PREVIEWS = YES;
				GENERATE_INFOPLIST_FILE = YES;
				INFOPLIST_FILE = TCACounter/Info.plist;
				INFOPLIST_KEY_CFBundleDisplayName = "PokéDeck";
				INFOPLIST_KEY_UIApplicationSceneManifest_Generation = YES;
				INFOPLIST_KEY_UIApplicationSupportsIndirectInputEvents = YES;
				INFOPLIST_KEY_UILaunchScreen_Generation = YES;
				INFOPLIST_KEY_UISupportedInterfaceOrientations_iPad = "UIInterfaceOrientationPortrait UIInterfaceOrientationPortraitUpsideDown UIInterfaceOrientationLandscapeLeft UIInterfaceOrientationLandscapeRight";
				INFOPLIST_KEY_UISupportedInterfaceOrientations_iPhone = "UIInterfaceOrientationPortrait UIInterfaceOrientationLandscapeLeft UIInterfaceOrientationLandscapeRight";
				LD_RUNPATH_SEARCH_PATHS = (
					"$(inherited)",
					"@executable_path/Frameworks",
				);
				MARKETING_VERSION = 1.0;
				PRODUCT_BUNDLE_IDENTIFIER = "com.JunD.-pokedeck";
				PRODUCT_NAME = "$(TARGET_NAME)";
				SWIFT_EMIT_LOC_STRINGS = YES;
				SWIFT_VERSION = 5.0;
				TARGETED_DEVICE_FAMILY = "1,2";
			};
			name = Release;
		};
		7E9340932F0750B2001932D1 /* Debug */ = {
			isa = XCBuildConfiguration;
			buildSettings = {
				BUNDLE_LOADER = "$(TEST_HOST)";
				CODE_SIGN_STYLE = Automatic;
				CURRENT_PROJECT_VERSION = 1;
				DEVELOPMENT_TEAM = YHXLU6AL9F;
				GENERATE_INFOPLIST_FILE = YES;
				IPHONEOS_DEPLOYMENT_TARGET = 18.5;
				MARKETING_VERSION = 1.0;
				PRODUCT_BUNDLE_IDENTIFIER = com.JunD.TCACounterTests;
				PRODUCT_NAME = "$(TARGET_NAME)";
				SWIFT_EMIT_LOC_STRINGS = NO;
				SWIFT_VERSION = 5.0;
				TARGETED_DEVICE_FAMILY = "1,2";
				TEST_HOST = "$(BUILT_PRODUCTS_DIR)/TCACounter.app/$(BUNDLE_EXECUTABLE_FOLDER_PATH)/TCACounter";
			};
			name = Debug;
		};
		7E9340942F0750B2001932D1 /* Release */ = {
			isa = XCBuildConfiguration;
			buildSettings = {
				BUNDLE_LOADER = "$(TEST_HOST)";
				CODE_SIGN_STYLE = Automatic;
				CURRENT_PROJECT_VERSION = 1;
				DEVELOPMENT_TEAM = YHXLU6AL9F;
				GENERATE_INFOPLIST_FILE = YES;
				IPHONEOS_DEPLOYMENT_TARGET = 18.5;
				MARKETING_VERSION = 1.0;
				PRODUCT_BUNDLE_IDENTIFIER = com.JunD.TCACounterTests;
				PRODUCT_NAME = "$(TARGET_NAME)";
				SWIFT_EMIT_LOC_STRINGS = NO;
				SWIFT_VERSION = 5.0;
				TARGETED_DEVICE_FAMILY = "1,2";
				TEST_HOST = "$(BUILT_PRODUCTS_DIR)/TCACounter.app/$(BUNDLE_EXECUTABLE_FOLDER_PATH)/TCACounter";
			};
			name = Release;
		};
		7E9340962F0750B2001932D1 /* Debug */ = {
			isa = XCBuildConfiguration;
			buildSettings = {
				CODE_SIGN_STYLE = Automatic;
				CURRENT_PROJECT_VERSION = 1;
				DEVELOPMENT_TEAM = YHXLU6AL9F;
				GENERATE_INFOPLIST_FILE = YES;
				MARKETING_VERSION = 1.0;
				PRODUCT_BUNDLE_IDENTIFIER = com.JunD.TCACounterUITests;
				PRODUCT_NAME = "$(TARGET_NAME)";
				SWIFT_EMIT_LOC_STRINGS = NO;
				SWIFT_VERSION = 5.0;
				TARGETED_DEVICE_FAMILY = "1,2";
				TEST_TARGET_NAME = TCACounter;
			};
			name = Debug;
		};
		7E9340972F0750B2001932D1 /* Release */ = {
			isa = XCBuildConfiguration;
			buildSettings = {
				CODE_SIGN_STYLE = Automatic;
				CURRENT_PROJECT_VERSION = 1;
				DEVELOPMENT_TEAM = YHXLU6AL9F;
				GENERATE_INFOPLIST_FILE = YES;
				MARKETING_VERSION = 1.0;
				PRODUCT_BUNDLE_IDENTIFIER = com.JunD.TCACounterUITests;
				PRODUCT_NAME = "$(TARGET_NAME)";
				SWIFT_EMIT_LOC_STRINGS = NO;
				SWIFT_VERSION = 5.0;
				TARGETED_DEVICE_FAMILY = "1,2";
				TEST_TARGET_NAME = TCACounter;
			};
			name = Release;
		};
/* End XCBuildConfiguration section */

/* Begin XCConfigurationList section */
		7E9340692F0750B0001932D1 /* Build configuration list for PBXProject "TCACounter" */ = {
			isa = XCConfigurationList;
			buildConfigurations = (
				7E93408D2F0750B2001932D1 /* Debug */,
				7E93408E2F0750B2001932D1 /* Release */,
			);
			defaultConfigurationIsVisible = 0;
			defaultConfigurationName = Release;
		};
		7E93408F2F0750B2001932D1 /* Build configuration list for PBXNativeTarget "TCACounter" */ = {
			isa = XCConfigurationList;
			buildConfigurations = (
				7E9340902F0750B2001932D1 /* Debug */,
				7E9340912F0750B2001932D1 /* Release */,
			);
			defaultConfigurationIsVisible = 0;
			defaultConfigurationName = Release;
		};
		7E9340922F0750B2001932D1 /* Build configuration list for PBXNativeTarget "TCACounterTests" */ = {
			isa = XCConfigurationList;
			buildConfigurations = (
				7E9340932F0750B2001932D1 /* Debug */,
				7E9340942F0750B2001932D1 /* Release */,
			);
			defaultConfigurationIsVisible = 0;
			defaultConfigurationName = Release;
		};
		7E9340952F0750B2001932D1 /* Build configuration list for PBXNativeTarget "TCACounterUITests" */ = {
			isa = XCConfigurationList;
			buildConfigurations = (
				7E9340962F0750B2001932D1 /* Debug */,
				7E9340972F0750B2001932D1 /* Release */,
			);
			defaultConfigurationIsVisible = 0;
			defaultConfigurationName = Release;
		};
/* End XCConfigurationList section */

/* Begin XCRemoteSwiftPackageReference section */
		7E9340982F07516C001932D1 /* XCRemoteSwiftPackageReference "swift-composable-architecture" */ = {
			isa = XCRemoteSwiftPackageReference;
			repositoryURL = "https://github.com/pointfreeco/swift-composable-architecture";
			requirement = {
				kind = upToNextMajorVersion;
				minimumVersion = 1.23.1;
			};
		};
/* End XCRemoteSwiftPackageReference section */

/* Begin XCSwiftPackageProductDependency section */
		7E9340992F07516C001932D1 /* ComposableArchitecture */ = {
			isa = XCSwiftPackageProductDependency;
			package = 7E9340982F07516C001932D1 /* XCRemoteSwiftPackageReference "swift-composable-architecture" */;
			productName = ComposableArchitecture;
		};
/* End XCSwiftPackageProductDependency section */
	};
	rootObject = 7E9340662F0750B0001932D1 /* Project object */;
}
